
Microsoft Visual Studio Solution File, Format Version 12.00
# Visual Studio Version 16
VisualStudioVersion = 16.0.32106.194
MinimumVisualStudioVersion = 10.0.40219.1
Project("{2150E333-8FDC-42A3-9474-1A3956D46DE8}") = "01. Application", "01. Application", "{36050F7E-64B3-4B49-AB8F-FE6E7BF33191}"
EndProject
Project("{2150E333-8FDC-42A3-9474-1A3956D46DE8}") = "02. AplicationCore", "02. AplicationCore", "{D15FB6C2-FF8D-4607-A98D-E75E30A66025}"
EndProject
Project("{2150E333-8FDC-42A3-9474-1A3956D46DE8}") = "03. Infraestructure", "03. Infraestructure", "{DB157C41-383F-4EEE-8634-270944A72B1A}"
EndProject
Project("{2150E333-8FDC-42A3-9474-1A3956D46DE8}") = "04. Cross", "04. Cross", "{381672AD-9457-4C10-953F-2B518E98C32B}"
EndProject
Project("{FAE04EC0-301F-11D3-BF4B-00C04F79EFBC}") = "xmen.api", "xmen.api\xmen.api.csproj", "{ED8E0385-91EE-48CC-927F-D133CF69452A}"
EndProject
Project("{FAE04EC0-301F-11D3-BF4B-00C04F79EFBC}") = "xmen.core", "xmen.core\xmen.core.csproj", "{AF3C1BFA-8152-4B31-91CA-0F71AE643C85}"
EndProject
Project("{FAE04EC0-301F-11D3-BF4B-00C04F79EFBC}") = "xmen.infraestructure", "xmen.infraestructure\xmen.infraestructure.csproj", "{4C018D03-EA74-4034-A232-A65997DD8F67}"
EndProject
Project("{FAE04EC0-301F-11D3-BF4B-00C04F79EFBC}") = "xmen.common", "xmen.common\xmen.common.csproj", "{E8A99F10-8D8D-4D18-90D5-9610E6F7313E}"
EndProject
Project("{FAE04EC0-301F-11D3-BF4B-00C04F79EFBC}") = "xmen.proxy", "xmen.proxy\xmen.proxy.csproj", "{21D5C573-92F8-4260-A67C-189C41535D6B}"
EndProject
Global
	GlobalSection(SolutionConfigurationPlatforms) = preSolution
		Debug|Any CPU = Debug|Any CPU
		Release|Any CPU = Release|Any CPU
	EndGlobalSection
	GlobalSection(ProjectConfigurationPlatforms) = postSolution
		{ED8E0385-91EE-48CC-927F-D133CF69452A}.Debug|Any CPU.ActiveCfg = Debug|Any CPU
		{ED8E0385-91EE-48CC-927F-D133CF69452A}.Debug|Any CPU.Build.0 = Debug|Any CPU
		{ED8E0385-91EE-48CC-927F-D133CF69452A}.Release|Any CPU.ActiveCfg = Release|Any CPU
		{ED8E0385-91EE-48CC-927F-D133CF69452A}.Release|Any CPU.Build.0 = Release|Any CPU
		{AF3C1BFA-8152-4B31-91CA-0F71AE643C85}.Debug|Any CPU.ActiveCfg = Debug|Any CPU
		{AF3C1BFA-8152-4B31-91CA-0F71AE643C85}.Debug|Any CPU.Build.0 = Debug|Any CPU
		{AF3C1BFA-8152-4B31-91CA-0F71AE643C85}.Release|Any CPU.ActiveCfg = Release|Any CPU
		{AF3C1BFA-8152-4B31-91CA-0F71AE643C85}.Release|Any CPU.Build.0 = Release|Any CPU
		{4C018D03-EA74-4034-A232-A65997DD8F67}.Debug|Any CPU.ActiveCfg = Debug|Any CPU
		{4C018D03-EA74-4034-A232-A65997DD8F67}.Debug|Any CPU.Build.0 = Debug|Any CPU
		{4C018D03-EA74-4034-A232-A65997DD8F67}.Release|Any CPU.ActiveCfg = Release|Any CPU
		{4C018D03-EA74-4034-A232-A65997DD8F67}.Release|Any CPU.Build.0 = Release|Any CPU
		{E8A99F10-8D8D-4D18-90D5-9610E6F7313E}.Debug|Any CPU.ActiveCfg = Debug|Any CPU
		{E8A99F10-8D8D-4D18-90D5-9610E6F7313E}.Debug|Any CPU.Build.0 = Debug|Any CPU
		{E8A99F10-8D8D-4D18-90D5-9610E6F7313E}.Release|Any CPU.ActiveCfg = Release|Any CPU
		{E8A99F10-8D8D-4D18-90D5-9610E6F7313E}.Release|Any CPU.Build.0 = Release|Any CPU
		{21D5C573-92F8-4260-A67C-189C41535D6B}.Debug|Any CPU.ActiveCfg = Debug|Any CPU
		{21D5C573-92F8-4260-A67C-189C41535D6B}.Debug|Any CPU.Build.0 = Debug|Any CPU
		{21D5C573-92F8-4260-A67C-189C41535D6B}.Release|Any CPU.ActiveCfg = Release|Any CPU
		{21D5C573-92F8-4260-A67C-189C41535D6B}.Release|Any CPU.Build.0 = Release|Any CPU
	EndGlobalSection
	GlobalSection(SolutionProperties) = preSolution
		HideSolutionNode = FALSE
	EndGlobalSection
	GlobalSection(NestedProjects) = preSolution
		{ED8E0385-91EE-48CC-927F-D133CF69452A} = {36050F7E-64B3-4B49-AB8F-FE6E7BF33191}
		{AF3C1BFA-8152-4B31-91CA-0F71AE643C85} = {D15FB6C2-FF8D-4607-A98D-E75E30A66025}
		{4C018D03-EA74-4034-A232-A65997DD8F67} = {DB157C41-383F-4EEE-8634-270944A72B1A}
		{E8A99F10-8D8D-4D18-90D5-9610E6F7313E} = {381672AD-9457-4C10-953F-2B518E98C32B}
		{21D5C573-92F8-4260-A67C-189C41535D6B} = {381672AD-9457-4C10-953F-2B518E98C32B}
	EndGlobalSection
	GlobalSection(ExtensibilityGlobals) = postSolution
		SolutionGuid = {CC7CD42B-E8C2-4D3F-A47D-C85023123051}
	EndGlobalSection
EndGlobal
